
Microsoft Visual Studio Solution File, Format Version 12.00
# Visual Studio Version 17
VisualStudioVersion = 17.1.32210.238
MinimumVisualStudioVersion = 10.0.40219.1
Project("{9A19103F-16F7-4668-BE54-9A1E7A4F7556}") = "MISA.Web02.API", "MISA.Web02.API\MISA.Web02.API.csproj", "{9C0945DB-60F9-4DF6-BFC6-5D747D35E615}"
EndProject
Project("{9A19103F-16F7-4668-BE54-9A1E7A4F7556}") = "MISA.WEB02.Infrastructure", "..\MISA.Infrastructure\MISA.Infrastructure\MISA.WEB02.Infrastructure.csproj", "{2754C34E-DD37-4219-A370-8558C5F71605}"
EndProject
Project("{9A19103F-16F7-4668-BE54-9A1E7A4F7556}") = "MISA.WEB02.Core", "..\MISA.Core\MISA.Core\MISA.WEB02.Core.csproj", "{F81FC536-FFE0-43B4-8C46-190294EEE1FE}"
EndProject
Global
	GlobalSection(SolutionConfigurationPlatforms) = preSolution
		Debug|Any CPU = Debug|Any CPU
		Release|Any CPU = Release|Any CPU
	EndGlobalSection
	GlobalSection(ProjectConfigurationPlatforms) = postSolution
		{9C0945DB-60F9-4DF6-BFC6-5D747D35E615}.Debug|Any CPU.ActiveCfg = Debug|Any CPU
		{9C0945DB-60F9-4DF6-BFC6-5D747D35E615}.Debug|Any CPU.Build.0 = Debug|Any CPU
		{9C0945DB-60F9-4DF6-BFC6-5D747D35E615}.Release|Any CPU.ActiveCfg = Release|Any CPU
		{9C0945DB-60F9-4DF6-BFC6-5D747D35E615}.Release|Any CPU.Build.0 = Release|Any CPU
		{2754C34E-DD37-4219-A370-8558C5F71605}.Debug|Any CPU.ActiveCfg = Debug|Any CPU
		{2754C34E-DD37-4219-A370-8558C5F71605}.Debug|Any CPU.Build.0 = Debug|Any CPU
		{2754C34E-DD37-4219-A370-8558C5F71605}.Release|Any CPU.ActiveCfg = Release|Any CPU
		{2754C34E-DD37-4219-A370-8558C5F71605}.Release|Any CPU.Build.0 = Release|Any CPU
		{F81FC536-FFE0-43B4-8C46-190294EEE1FE}.Debug|Any CPU.ActiveCfg = Debug|Any CPU
		{F81FC536-FFE0-43B4-8C46-190294EEE1FE}.Debug|Any CPU.Build.0 = Debug|Any CPU
		{F81FC536-FFE0-43B4-8C46-190294EEE1FE}.Release|Any CPU.ActiveCfg = Release|Any CPU
		{F81FC536-FFE0-43B4-8C46-190294EEE1FE}.Release|Any CPU.Build.0 = Release|Any CPU
	EndGlobalSection
	GlobalSection(SolutionProperties) = preSolution
		HideSolutionNode = FALSE
	EndGlobalSection
	GlobalSection(ExtensibilityGlobals) = postSolution
		SolutionGuid = {13466477-1EA5-401E-A274-CD9F06340113}
	EndGlobalSection
EndGlobal
